
Microsoft Visual Studio Solution File, Format Version 12.00
# Visual Studio Version 17
VisualStudioVersion = 17.10.35013.160
MinimumVisualStudioVersion = 10.0.40219.1
Project("{FAE04EC0-301F-11D3-BF4B-00C04F79EFBC}") = "Testwebapp", "Testwebapp\Testwebapp.csproj", "{C18A06CF-EB5D-46FA-9A7C-BAA569758E03}"
EndProject
Global
	GlobalSection(SolutionConfigurationPlatforms) = preSolution
		Debug|Any CPU = Debug|Any CPU
		Release|Any CPU = Release|Any CPU
	EndGlobalSection
	GlobalSection(ProjectConfigurationPlatforms) = postSolution
		{C18A06CF-EB5D-46FA-9A7C-BAA569758E03}.Debug|Any CPU.ActiveCfg = Debug|Any CPU
		{C18A06CF-EB5D-46FA-9A7C-BAA569758E03}.Debug|Any CPU.Build.0 = Debug|Any CPU
		{C18A06CF-EB5D-46FA-9A7C-BAA569758E03}.Release|Any CPU.ActiveCfg = Release|Any CPU
		{C18A06CF-EB5D-46FA-9A7C-BAA569758E03}.Release|Any CPU.Build.0 = Release|Any CPU
	EndGlobalSection
	GlobalSection(SolutionProperties) = preSolution
		HideSolutionNode = FALSE
	EndGlobalSection
	GlobalSection(ExtensibilityGlobals) = postSolution
		SolutionGuid = {731534C9-DAFC-45D7-9664-F7C8B6C5AD51}
	EndGlobalSection
EndGlobal
